// !$*UTF8*$!
{
	archiveVersion = 1;
	classes = {
	};
	objectVersion = 50;
	objects = {

/* Begin PBXBuildFile section */
		349D98052337BA4100A410F5 /* AppDelegate.swift in Sources */ = {isa = PBXBuildFile; fileRef = 349D98042337BA4100A410F5 /* AppDelegate.swift */; };
		349D98072337BA4100A410F5 /* ViewController.swift in Sources */ = {isa = PBXBuildFile; fileRef = 349D98062337BA4100A410F5 /* ViewController.swift */; };
		349D980A2337BA4100A410F5 /* Main.storyboard in Resources */ = {isa = PBXBuildFile; fileRef = 349D98082337BA4100A410F5 /* Main.storyboard */; };
		349D980C2337BA4100A410F5 /* Assets.xcassets in Resources */ = {isa = PBXBuildFile; fileRef = 349D980B2337BA4100A410F5 /* Assets.xcassets */; };
		349D980F2337BA4100A410F5 /* LaunchScreen.storyboard in Resources */ = {isa = PBXBuildFile; fileRef = 349D980D2337BA4100A410F5 /* LaunchScreen.storyboard */; };
		D2AB460DB25A0C2F3515B7E5 /* Pods_rxnamer.framework in Frameworks */ = {isa = PBXBuildFile; fileRef = 6A3AE99CA90E28D42970221E /* Pods_rxnamer.framework */; };
/* End PBXBuildFile section */

/* Begin PBXFileReference section */
		2AC0B6F3834EDDD4F1BD24BF /* Pods-rxnamer.debug.xcconfig */ = {isa = PBXFileReference; includeInIndex = 1; lastKnownFileType = text.xcconfig; name = "Pods-rxnamer.debug.xcconfig"; path = "Target Support Files/Pods-rxnamer/Pods-rxnamer.debug.xcconfig"; sourceTree = "<group>"; };
		349D98012337BA4100A410F5 /* rxnamer.app */ = {isa = PBXFileReference; explicitFileType = wrapper.application; includeInIndex = 0; path = rxnamer.app; sourceTree = BUILT_PRODUCTS_DIR; };
		349D98042337BA4100A410F5 /* AppDelegate.swift */ = {isa = PBXFileReference; lastKnownFileType = sourcecode.swift; path = AppDelegate.swift; sourceTree = "<group>"; };
		349D98062337BA4100A410F5 /* ViewController.swift */ = {isa = PBXFileReference; lastKnownFileType = sourcecode.swift; path = ViewController.swift; sourceTree = "<group>"; };
		349D98092337BA4100A410F5 /* Base */ = {isa = PBXFileReference; lastKnownFileType = file.storyboard; name = Base; path = Base.lproj/Main.storyboard; sourceTree = "<group>"; };
		349D980B2337BA4100A410F5 /* Assets.xcassets */ = {isa = PBXFileReference; lastKnownFileType = folder.assetcatalog; path = Assets.xcassets; sourceTree = "<group>"; };
		349D980E2337BA4100A410F5 /* Base */ = {isa = PBXFileReference; lastKnownFileType = file.storyboard; name = Base; path = Base.lproj/LaunchScreen.storyboard; sourceTree = "<group>"; };
		349D98102337BA4100A410F5 /* Info.plist */ = {isa = PBXFileReference; lastKnownFileType = text.plist.xml; path = Info.plist; sourceTree = "<group>"; };
		5AFA43602430034D6C50EEF6 /* Pods-rxnamer.release.xcconfig */ = {isa = PBXFileReference; includeInIndex = 1; lastKnownFileType = text.xcconfig; name = "Pods-rxnamer.release.xcconfig"; path = "Target Support Files/Pods-rxnamer/Pods-rxnamer.release.xcconfig"; sourceTree = "<group>"; };
		6A3AE99CA90E28D42970221E /* Pods_rxnamer.framework */ = {isa = PBXFileReference; explicitFileType = wrapper.framework; includeInIndex = 0; path = Pods_rxnamer.framework; sourceTree = BUILT_PRODUCTS_DIR; };
/* End PBXFileReference section */

/* Begin PBXFrameworksBuildPhase section */
		349D97FE2337BA4100A410F5 /* Frameworks */ = {
			isa = PBXFrameworksBuildPhase;
			buildActionMask = 2147483647;
			files = (
				D2AB460DB25A0C2F3515B7E5 /* Pods_rxnamer.framework in Frameworks */,
			);
			runOnlyForDeploymentPostprocessing = 0;
		};
/* End PBXFrameworksBuildPhase section */

/* Begin PBXGroup section */
		349D97F82337BA4100A410F5 = {
			isa = PBXGroup;
			children = (
				349D98032337BA4100A410F5 /* rxnamer */,
				349D98022337BA4100A410F5 /* Products */,
				C06EA0D8950D14F5F6382F21 /* Pods */,
				5139EFEED323D9DA38245F21 /* Frameworks */,
			);
			sourceTree = "<group>";
		};
		349D98022337BA4100A410F5 /* Products */ = {
			isa = PBXGroup;
			children = (
				349D98012337BA4100A410F5 /* rxnamer.app */,
			);
			name = Products;
			sourceTree = "<group>";
		};
		349D98032337BA4100A410F5 /* rxnamer */ = {
			isa = PBXGroup;
			children = (
				349D98042337BA4100A410F5 /* AppDelegate.swift */,
				349D98062337BA4100A410F5 /* ViewController.swift */,
				349D98082337BA4100A410F5 /* Main.storyboard */,
				349D980B2337BA4100A410F5 /* Assets.xcassets */,
				349D980D2337BA4100A410F5 /* LaunchScreen.storyboard */,
				349D98102337BA4100A410F5 /* Info.plist */,
			);
			path = rxnamer;
			sourceTree = "<group>";
		};
		5139EFEED323D9DA38245F21 /* Frameworks */ = {
			isa = PBXGroup;
			children = (
				6A3AE99CA90E28D42970221E /* Pods_rxnamer.framework */,
			);
			name = Frameworks;
			sourceTree = "<group>";
		};
		C06EA0D8950D14F5F6382F21 /* Pods */ = {
			isa = PBXGroup;
			children = (
				2AC0B6F3834EDDD4F1BD24BF /* Pods-rxnamer.debug.xcconfig */,
				5AFA43602430034D6C50EEF6 /* Pods-rxnamer.release.xcconfig */,
			);
			name = Pods;
			path = Pods;
			sourceTree = "<group>";
		};
/* End PBXGroup section */

/* Begin PBXNativeTarget section */
		349D98002337BA4100A410F5 /* rxnamer */ = {
			isa = PBXNativeTarget;
			buildConfigurationList = 349D98132337BA4100A410F5 /* Build configuration list for PBXNativeTarget "rxnamer" */;
			buildPhases = (
				8EA6C8E660FFC31C0A9D7501 /* [CP] Check Pods Manifest.lock */,
				349D97FD2337BA4100A410F5 /* Sources */,
				349D97FE2337BA4100A410F5 /* Frameworks */,
				349D97FF2337BA4100A410F5 /* Resources */,
				F2D6008C912B21062281EAE7 /* [CP] Embed Pods Frameworks */,
			);
			buildRules = (
			);
			dependencies = (
			);
			name = rxnamer;
			productName = rxnamer;
			productReference = 349D98012337BA4100A410F5 /* rxnamer.app */;
			productType = "com.apple.product-type.application";
		};
/* End PBXNativeTarget section */

/* Begin PBXProject section */
		349D97F92337BA4100A410F5 /* Project object */ = {
			isa = PBXProject;
			attributes = {
				LastSwiftUpdateCheck = 1030;
				LastUpgradeCheck = 1030;
				ORGANIZATIONNAME = nagas;
				TargetAttributes = {
					349D98002337BA4100A410F5 = {
						CreatedOnToolsVersion = 10.3;
					};
				};
			};
			buildConfigurationList = 349D97FC2337BA4100A410F5 /* Build configuration list for PBXProject "rxnamer" */;
			compatibilityVersion = "Xcode 9.3";
			developmentRegion = en;
			hasScannedForEncodings = 0;
			knownRegions = (
				en,
				Base,
			);
			mainGroup = 349D97F82337BA4100A410F5;
			productRefGroup = 349D98022337BA4100A410F5 /* Products */;
			projectDirPath = "";
			projectRoot = "";
			targets = (
				349D98002337BA4100A410F5 /* rxnamer */,
			);
		};
/* End PBXProject section */

/* Begin PBXResourcesBuildPhase section */
		349D97FF2337BA4100A410F5 /* Resources */ = {
			isa = PBXResourcesBuildPhase;
			buildActionMask = 2147483647;
			files = (
				349D980F2337BA4100A410F5 /* LaunchScreen.storyboard in Resources */,
				349D980C2337BA4100A410F5 /* Assets.xcassets in Resources */,
				349D980A2337BA4100A410F5 /* Main.storyboard in Resources */,
			);
			runOnlyForDeploymentPostprocessing = 0;
		};
/* End PBXResourcesBuildPhase section */

/* Begin PBXShellScriptBuildPhase section */
		8EA6C8E660FFC31C0A9D7501 /* [CP] Check Pods Manifest.lock */ = {
			isa = PBXShellScriptBuildPhase;
			buildActionMask = 2147483647;
			files = (
			);
			inputFileListPaths = (
			);
			inputPaths = (
				"${PODS_PODFILE_DIR_PATH}/Podfile.lock",
				"${PODS_ROOT}/Manifest.lock",
			);
			name = "[CP] Check Pods Manifest.lock";
			outputFileListPaths = (
			);
			outputPaths = (
				"$(DERIVED_FILE_DIR)/Pods-rxnamer-checkManifestLockResult.txt",
			);
			runOnlyForDeploymentPostprocessing = 0;
			shellPath = /bin/sh;
			shellScript = "diff \"${PODS_PODFILE_DIR_PATH}/Podfile.lock\" \"${PODS_ROOT}/Manifest.lock\" > /dev/null\nif [ $? != 0 ] ; then\n    # print error to STDERR\n    echo \"error: The sandbox is not in sync with the Podfile.lock. Run 'pod install' or update your CocoaPods installation.\" >&2\n    exit 1\nfi\n# This output is used by Xcode 'outputs' to avoid re-running this script phase.\necho \"SUCCESS\" > \"${SCRIPT_OUTPUT_FILE_0}\"\n";
			showEnvVarsInLog = 0;
		};
		F2D6008C912B21062281EAE7 /* [CP] Embed Pods Frameworks */ = {
			isa = PBXShellScriptBuildPhase;
			buildActionMask = 2147483647;
			files = (
			);
			inputFileListPaths = (
				"${PODS_ROOT}/Target Support Files/Pods-rxnamer/Pods-rxnamer-frameworks-${CONFIGURATION}-input-files.xcfilelist",
			);
			name = "[CP] Embed Pods Frameworks";
			outputFileListPaths = (
				"${PODS_ROOT}/Target Support Files/Pods-rxnamer/Pods-rxnamer-frameworks-${CONFIGURATION}-output-files.xcfilelist",
			);
			runOnlyForDeploymentPostprocessing = 0;
			shellPath = /bin/sh;
			shellScript = "\"${PODS_ROOT}/Target Support Files/Pods-rxnamer/Pods-rxnamer-frameworks.sh\"\n";
			showEnvVarsInLog = 0;
		};
/* End PBXShellScriptBuildPhase section */

/* Begin PBXSourcesBuildPhase section */
		349D97FD2337BA4100A410F5 /* Sources */ = {
			isa = PBXSourcesBuildPhase;
			buildActionMask = 2147483647;
			files = (
				349D98072337BA4100A410F5 /* ViewController.swift in Sources */,
				349D98052337BA4100A410F5 /* AppDelegate.swift in Sources */,
			);
			runOnlyForDeploymentPostprocessing = 0;
		};
/* End PBXSourcesBuildPhase section */

/* Begin PBXVariantGroup section */
		349D98082337BA4100A410F5 /* Main.storyboard */ = {
			isa = PBXVariantGroup;
			children = (
				349D98092337BA4100A410F5 /* Base */,
			);
			name = Main.storyboard;
			sourceTree = "<group>";
		};
		349D980D2337BA4100A410F5 /* LaunchScreen.storyboard */ = {
			isa = PBXVariantGroup;
			children = (
				349D980E2337BA4100A410F5 /* Base */,
			);
			name = LaunchScreen.storyboard;
			sourceTree = "<group>";
		};
/* End PBXVariantGroup section */

/* Begin XCBuildConfiguration section */
		349D98112337BA4100A410F5 /* Debug */ = {
			isa = XCBuildConfiguration;
			buildSettings = {
				ALWAYS_SEARCH_USER_PATHS = NO;
				CLANG_ANALYZER_NONNULL = YES;
				CLANG_ANALYZER_NUMBER_OBJECT_CONVERSION = YES_AGGRESSIVE;
				CLANG_CXX_LANGUAGE_STANDARD = "gnu++14";
				CLANG_CXX_LIBRARY = "libc++";
				CLANG_ENABLE_MODULES = YES;
				CLANG_ENABLE_OBJC_ARC = YES;
				CLANG_ENABLE_OBJC_WEAK = YES;
				CLANG_WARN_BLOCK_CAPTURE_AUTORELEASING = YES;
				CLANG_WARN_BOOL_CONVERSION = YES;
				CLANG_WARN_COMMA = YES;
				CLANG_WARN_CONSTANT_CONVERSION = YES;
				CLANG_WARN_DEPRECATED_OBJC_IMPLEMENTATIONS = YES;
				CLANG_WARN_DIRECT_OBJC_ISA_USAGE = YES_ERROR;
				CLANG_WARN_DOCUMENTATION_COMMENTS = YES;
				CLANG_WARN_EMPTY_BODY = YES;
				CLANG_WARN_ENUM_CONVERSION = YES;
				CLANG_WARN_INFINITE_RECURSION = YES;
				CLANG_WARN_INT_CONVERSION = YES;
				CLANG_WARN_NON_LITERAL_NULL_CONVERSION = YES;
				CLANG_WARN_OBJC_IMPLICIT_RETAIN_SELF = YES;
				CLANG_WARN_OBJC_LITERAL_CONVERSION = YES;
				CLANG_WARN_OBJC_ROOT_CLASS = YES_ERROR;
				CLANG_WARN_RANGE_LOOP_ANALYSIS = YES;
				CLANG_WARN_STRICT_PROTOTYPES = YES;
				CLANG_WARN_SUSPICIOUS_MOVE = YES;
				CLANG_WARN_UNGUARDED_AVAILABILITY = YES_AGGRESSIVE;
				CLANG_WARN_UNREACHABLE_CODE = YES;
				CLANG_WARN__DUPLICATE_METHOD_MATCH = YES;
				CODE_SIGN_IDENTITY = "iPhone Developer";
				COPY_PHASE_STRIP = NO;
				DEBUG_INFORMATION_FORMAT = dwarf;
				ENABLE_STRICT_OBJC_MSGSEND = YES;
				ENABLE_TESTABILITY = YES;
				GCC_C_LANGUAGE_STANDARD = gnu11;
				GCC_DYNAMIC_NO_PIC = NO;
				GCC_NO_COMMON_BLOCKS = YES;
				GCC_OPTIMIZATION_LEVEL = 0;
				GCC_PREPROCESSOR_DEFINITIONS = (
					"DEBUG=1",
					"$(inherited)",
				);
				GCC_WARN_64_TO_32_BIT_CONVERSION = YES;
				GCC_WARN_ABOUT_RETURN_TYPE = YES_ERROR;
				GCC_WARN_UNDECLARED_SELECTOR = YES;
				GCC_WARN_UNINITIALIZED_AUTOS = YES_AGGRESSIVE;
				GCC_WARN_UNUSED_FUNCTION = YES;
				GCC_WARN_UNUSED_VARIABLE = YES;
				IPHONEOS_DEPLOYMENT_TARGET = 12.4;
				MTL_ENABLE_DEBUG_INFO = INCLUDE_SOURCE;
				MTL_FAST_MATH = YES;
				ONLY_ACTIVE_ARCH = YES;
				SDKROOT = iphoneos;
				SWIFT_ACTIVE_COMPILATION_CONDITIONS = DEBUG;
				SWIFT_OPTIMIZATION_LEVEL = "-Onone";
			};
			name = Debug;
		};
		349D98122337BA4100A410F5 /* Release */ = {
			isa = XCBuildConfiguration;
			buildSettings = {
				ALWAYS_SEARCH_USER_PATHS = NO;
				CLANG_ANALYZER_NONNULL = YES;
				CLANG_ANALYZER_NUMBER_OBJECT_CONVERSION = YES_AGGRESSIVE;
				CLANG_CXX_LANGUAGE_STANDARD = "gnu++14";
				CLANG_CXX_LIBRARY = "libc++";
				CLANG_ENABLE_MODULES = YES;
				CLANG_ENABLE_OBJC_ARC = YES;
				CLANG_ENABLE_OBJC_WEAK = YES;
				CLANG_WARN_BLOCK_CAPTURE_AUTORELEASING = YES;
				CLANG_WARN_BOOL_CONVERSION = YES;
				CLANG_WARN_COMMA = YES;
				CLANG_WARN_CONSTANT_CONVERSION = YES;
				CLANG_WARN_DEPRECATED_OBJC_IMPLEMENTATIONS = YES;
				CLANG_WARN_DIRECT_OBJC_ISA_USAGE = YES_ERROR;
				CLANG_WARN_DOCUMENTATION_COMMENTS = YES;
				CLANG_WARN_EMPTY_BODY = YES;
				CLANG_WARN_ENUM_CONVERSION = YES;
				CLANG_WARN_INFINITE_RECURSION = YES;
				CLANG_WARN_INT_CONVERSION = YES;
				CLANG_WARN_NON_LITERAL_NULL_CONVERSION = YES;
				CLANG_WARN_OBJC_IMPLICIT_RETAIN_SELF = YES;
				CLANG_WARN_OBJC_LITERAL_CONVERSION = YES;
				CLANG_WARN_OBJC_ROOT_CLASS = YES_ERROR;
				CLANG_WARN_RANGE_LOOP_ANALYSIS = YES;
				CLANG_WARN_STRICT_PROTOTYPES = YES;
				CLANG_WARN_SUSPICIOUS_MOVE = YES;
				CLANG_WARN_UNGUARDED_AVAILABILITY = YES_AGGRESSIVE;
				CLANG_WARN_UNREACHABLE_CODE = YES;
				CLANG_WARN__DUPLICATE_METHOD_MATCH = YES;
				CODE_SIGN_IDENTITY = "iPhone Developer";
				COPY_PHASE_STRIP = NO;
				DEBUG_INFORMATION_FORMAT = "dwarf-with-dsym";
				ENABLE_NS_ASSERTIONS = NO;
				ENABLE_STRICT_OBJC_MSGSEND = YES;
				GCC_C_LANGUAGE_STANDARD = gnu11;
				GCC_NO_COMMON_BLOCKS = YES;
				GCC_WARN_64_TO_32_BIT_CONVERSION = YES;
				GCC_WARN_ABOUT_RETURN_TYPE = YES_ERROR;
				GCC_WARN_UNDECLARED_SELECTOR = YES;
				GCC_WARN_UNINITIALIZED_AUTOS = YES_AGGRESSIVE;
				GCC_WARN_UNUSED_FUNCTION = YES;
				GCC_WARN_UNUSED_VARIABLE = YES;
				IPHONEOS_DEPLOYMENT_TARGET = 12.4;
				MTL_ENABLE_DEBUG_INFO = NO;
				MTL_FAST_MATH = YES;
				SDKROOT = iphoneos;
				SWIFT_COMPILATION_MODE = wholemodule;
				SWIFT_OPTIMIZATION_LEVEL = "-O";
				VALIDATE_PRODUCT = YES;
			};
			name = Release;
		};
		349D98142337BA4100A410F5 /* Debug */ = {
			isa = XCBuildConfiguration;
			baseConfigurationReference = 2AC0B6F3834EDDD4F1BD24BF /* Pods-rxnamer.debug.xcconfig */;
			buildSettings = {
				ASSETCATALOG_COMPILER_APPICON_NAME = AppIcon;
				CODE_SIGN_STYLE = Automatic;
				DEVELOPMENT_TEAM = X7LG66FXVT;
				INFOPLIST_FILE = rxnamer/Info.plist;
				LD_RUNPATH_SEARCH_PATHS = (
					"$(inherited)",
					"@executable_path/Frameworks",
				);
				PRODUCT_BUNDLE_IDENTIFIER = com.nickagas.rxnamer;
				PRODUCT_NAME = "$(TARGET_NAME)";
				SWIFT_VERSION = 5.0;
				TARGETED_DEVICE_FAMILY = "1,2";
			};
			name = Debug;
		};
		349D98152337BA4100A410F5 /* Release */ = {
			isa = XCBuildConfiguration;
			baseConfigurationReference = 5AFA43602430034D6C50EEF6 /* Pods-rxnamer.release.xcconfig */;
			buildSettings = {
				ASSETCATALOG_COMPILER_APPICON_NAME = AppIcon;
				CODE_SIGN_STYLE = Automatic;
				DEVELOPMENT_TEAM = X7LG66FXVT;
				INFOPLIST_FILE = rxnamer/Info.plist;
				LD_RUNPATH_SEARCH_PATHS = (
					"$(inherited)",
					"@executable_path/Frameworks",
				);
				PRODUCT_BUNDLE_IDENTIFIER = com.nickagas.rxnamer;
				PRODUCT_NAME = "$(TARGET_NAME)";
				SWIFT_VERSION = 5.0;
				TARGETED_DEVICE_FAMILY = "1,2";
			};
			name = Release;
		};
/* End XCBuildConfiguration section */

/* Begin XCConfigurationList section */
		349D97FC2337BA4100A410F5 /* Build configuration list for PBXProject "rxnamer" */ = {
			isa = XCConfigurationList;
			buildConfigurations = (
				349D98112337BA4100A410F5 /* Debug */,
				349D98122337BA4100A410F5 /* Release */,
			);
			defaultConfigurationIsVisible = 0;
			defaultConfigurationName = Release;
		};
		349D98132337BA4100A410F5 /* Build configuration list for PBXNativeTarget "rxnamer" */ = {
			isa = XCConfigurationList;
			buildConfigurations = (
				349D98142337BA4100A410F5 /* Debug */,
				349D98152337BA4100A410F5 /* Release */,
			);
			defaultConfigurationIsVisible = 0;
			defaultConfigurationName = Release;
		};
/* End XCConfigurationList section */
	};
	rootObject = 349D97F92337BA4100A410F5 /* Project object */;
}
